
Microsoft Visual Studio Solution File, Format Version 12.00
# Visual Studio Version 17
VisualStudioVersion = 17.0.32112.339
MinimumVisualStudioVersion = 10.0.40219.1
Project("{2150E333-8FDC-42A3-9474-1A3956D46DE8}") = "src", "src", "{420089D3-7CC3-461D-B123-24FE18CCAD95}"
EndProject
Project("{9A19103F-16F7-4668-BE54-9A1E7A4F7556}") = "Telstra.ToyRobot.Console", "src\Telstra.ToyRobot.Console\Telstra.ToyRobot.Console.csproj", "{9F88F56A-D1BF-466A-BCE2-2671125FD8EE}"
EndProject
Project("{9A19103F-16F7-4668-BE54-9A1E7A4F7556}") = "Telstra.ToyRobot.Lib", "src\Telstra.ToyRobot.Lib\Telstra.ToyRobot.Lib.csproj", "{FECF4506-8F4B-4E88-B59E-B6102AD8FB0E}"
EndProject
Project("{2150E333-8FDC-42A3-9474-1A3956D46DE8}") = "test", "test", "{2A8FE119-CC7F-42E5-8BE5-65CF416789FE}"
EndProject
Project("{9A19103F-16F7-4668-BE54-9A1E7A4F7556}") = "Telstra.ToyRobot.Unit", "test\Telstra.ToyRobot.Unit\Telstra.ToyRobot.Unit.csproj", "{9B4FAC03-BED0-427C-A129-380D2DFFBC14}"
EndProject
Project("{2150E333-8FDC-42A3-9474-1A3956D46DE8}") = "Solution Items", "Solution Items", "{2E2DE110-33A4-4CE8-8D3F-E0B6FDBD6A16}"
	ProjectSection(SolutionItems) = preProject
		.gitignore = .gitignore
		README.md = README.md
	EndProjectSection
EndProject
Project("{FAE04EC0-301F-11D3-BF4B-00C04F79EFBC}") = "Telstra.ToyRobot.Integration", "test\Telstra.ToyRobot.Integration\Telstra.ToyRobot.Integration.csproj", "{7523D408-8B49-4A46-9760-7F7BE417D722}"
EndProject
Global
	GlobalSection(SolutionConfigurationPlatforms) = preSolution
		Debug|Any CPU = Debug|Any CPU
		Release|Any CPU = Release|Any CPU
	EndGlobalSection
	GlobalSection(ProjectConfigurationPlatforms) = postSolution
		{9F88F56A-D1BF-466A-BCE2-2671125FD8EE}.Debug|Any CPU.ActiveCfg = Debug|Any CPU
		{9F88F56A-D1BF-466A-BCE2-2671125FD8EE}.Debug|Any CPU.Build.0 = Debug|Any CPU
		{9F88F56A-D1BF-466A-BCE2-2671125FD8EE}.Release|Any CPU.ActiveCfg = Release|Any CPU
		{9F88F56A-D1BF-466A-BCE2-2671125FD8EE}.Release|Any CPU.Build.0 = Release|Any CPU
		{FECF4506-8F4B-4E88-B59E-B6102AD8FB0E}.Debug|Any CPU.ActiveCfg = Debug|Any CPU
		{FECF4506-8F4B-4E88-B59E-B6102AD8FB0E}.Debug|Any CPU.Build.0 = Debug|Any CPU
		{FECF4506-8F4B-4E88-B59E-B6102AD8FB0E}.Release|Any CPU.ActiveCfg = Release|Any CPU
		{FECF4506-8F4B-4E88-B59E-B6102AD8FB0E}.Release|Any CPU.Build.0 = Release|Any CPU
		{9B4FAC03-BED0-427C-A129-380D2DFFBC14}.Debug|Any CPU.ActiveCfg = Debug|Any CPU
		{9B4FAC03-BED0-427C-A129-380D2DFFBC14}.Debug|Any CPU.Build.0 = Debug|Any CPU
		{9B4FAC03-BED0-427C-A129-380D2DFFBC14}.Release|Any CPU.ActiveCfg = Release|Any CPU
		{9B4FAC03-BED0-427C-A129-380D2DFFBC14}.Release|Any CPU.Build.0 = Release|Any CPU
		{7523D408-8B49-4A46-9760-7F7BE417D722}.Debug|Any CPU.ActiveCfg = Debug|Any CPU
		{7523D408-8B49-4A46-9760-7F7BE417D722}.Debug|Any CPU.Build.0 = Debug|Any CPU
		{7523D408-8B49-4A46-9760-7F7BE417D722}.Release|Any CPU.ActiveCfg = Release|Any CPU
		{7523D408-8B49-4A46-9760-7F7BE417D722}.Release|Any CPU.Build.0 = Release|Any CPU
	EndGlobalSection
	GlobalSection(SolutionProperties) = preSolution
		HideSolutionNode = FALSE
	EndGlobalSection
	GlobalSection(NestedProjects) = preSolution
		{9F88F56A-D1BF-466A-BCE2-2671125FD8EE} = {420089D3-7CC3-461D-B123-24FE18CCAD95}
		{FECF4506-8F4B-4E88-B59E-B6102AD8FB0E} = {420089D3-7CC3-461D-B123-24FE18CCAD95}
		{9B4FAC03-BED0-427C-A129-380D2DFFBC14} = {2A8FE119-CC7F-42E5-8BE5-65CF416789FE}
		{7523D408-8B49-4A46-9760-7F7BE417D722} = {2A8FE119-CC7F-42E5-8BE5-65CF416789FE}
	EndGlobalSection
	GlobalSection(ExtensibilityGlobals) = postSolution
		SolutionGuid = {BE90DA3B-4B2B-44DF-9349-DDF3FC2BB30C}
	EndGlobalSection
EndGlobal
